
Microsoft Visual Studio Solution File, Format Version 12.00
# Visual Studio Version 17
VisualStudioVersion = 17.5.33627.172
MinimumVisualStudioVersion = 10.0.40219.1
Project("{FAE04EC0-301F-11D3-BF4B-00C04F79EFBC}") = "HireMeNowWebApi", "HireMeNowWebApi\HireMeNowWebApi.csproj", "{1F26D587-6216-44B7-8FC3-8F029EF0385E}"
EndProject
Project("{FAE04EC0-301F-11D3-BF4B-00C04F79EFBC}") = "Api.Test", "Api.Test\Api.Test.csproj", "{6B4982B0-584A-4DD1-8FA8-510DC41ACFCE}"
EndProject
Global
	GlobalSection(SolutionConfigurationPlatforms) = preSolution
		Debug|Any CPU = Debug|Any CPU
		Release|Any CPU = Release|Any CPU
	EndGlobalSection
	GlobalSection(ProjectConfigurationPlatforms) = postSolution
		{1F26D587-6216-44B7-8FC3-8F029EF0385E}.Debug|Any CPU.ActiveCfg = Debug|Any CPU
		{1F26D587-6216-44B7-8FC3-8F029EF0385E}.Debug|Any CPU.Build.0 = Debug|Any CPU
		{1F26D587-6216-44B7-8FC3-8F029EF0385E}.Release|Any CPU.ActiveCfg = Release|Any CPU
		{1F26D587-6216-44B7-8FC3-8F029EF0385E}.Release|Any CPU.Build.0 = Release|Any CPU
		{6B4982B0-584A-4DD1-8FA8-510DC41ACFCE}.Debug|Any CPU.ActiveCfg = Debug|Any CPU
		{6B4982B0-584A-4DD1-8FA8-510DC41ACFCE}.Debug|Any CPU.Build.0 = Debug|Any CPU
		{6B4982B0-584A-4DD1-8FA8-510DC41ACFCE}.Release|Any CPU.ActiveCfg = Release|Any CPU
		{6B4982B0-584A-4DD1-8FA8-510DC41ACFCE}.Release|Any CPU.Build.0 = Release|Any CPU
	EndGlobalSection
	GlobalSection(SolutionProperties) = preSolution
		HideSolutionNode = FALSE
	EndGlobalSection
	GlobalSection(ExtensibilityGlobals) = postSolution
		SolutionGuid = {D84ADFE1-CC2D-466E-8962-642E6690CACA}
	EndGlobalSection
EndGlobal
